
Microsoft Visual Studio Solution File, Format Version 12.00
# Visual Studio 2013
VisualStudioVersion = 12.0.30723.0
MinimumVisualStudioVersion = 10.0.40219.1
Project("{FAE04EC0-301F-11D3-BF4B-00C04F79EFBC}") = "Nordea", "Nordea\Nordea.csproj", "{F1FEAB50-01E6-490D-86BB-795711837922}"
EndProject
Project("{FAE04EC0-301F-11D3-BF4B-00C04F79EFBC}") = "Nordea.Tests", "Nordea.Tests\Nordea.Tests.csproj", "{C3939CDD-89B0-4E1C-A281-6538354AB50B}"
EndProject
Global
	GlobalSection(SolutionConfigurationPlatforms) = preSolution
		Debug|Any CPU = Debug|Any CPU
		Release|Any CPU = Release|Any CPU
	EndGlobalSection
	GlobalSection(ProjectConfigurationPlatforms) = postSolution
		{F1FEAB50-01E6-490D-86BB-795711837922}.Debug|Any CPU.ActiveCfg = Debug|Any CPU
		{F1FEAB50-01E6-490D-86BB-795711837922}.Debug|Any CPU.Build.0 = Debug|Any CPU
		{F1FEAB50-01E6-490D-86BB-795711837922}.Release|Any CPU.ActiveCfg = Release|Any CPU
		{F1FEAB50-01E6-490D-86BB-795711837922}.Release|Any CPU.Build.0 = Release|Any CPU
		{C3939CDD-89B0-4E1C-A281-6538354AB50B}.Debug|Any CPU.ActiveCfg = Debug|Any CPU
		{C3939CDD-89B0-4E1C-A281-6538354AB50B}.Debug|Any CPU.Build.0 = Debug|Any CPU
		{C3939CDD-89B0-4E1C-A281-6538354AB50B}.Release|Any CPU.ActiveCfg = Release|Any CPU
		{C3939CDD-89B0-4E1C-A281-6538354AB50B}.Release|Any CPU.Build.0 = Release|Any CPU
	EndGlobalSection
	GlobalSection(SolutionProperties) = preSolution
		HideSolutionNode = FALSE
	EndGlobalSection
EndGlobal
